
Microsoft Visual Studio Solution File, Format Version 12.00
# Visual Studio Version 17
VisualStudioVersion = 17.11.35303.130
MinimumVisualStudioVersion = 10.0.40219.1
Project("{8BC9CEB8-8B4A-11D0-8D11-00A0C91BC942}") = "2.1 lab ipz", "2.1 lab ipz\2.1 lab ipz.vcxproj", "{80E1FC63-834B-4536-A721-0841E9FCC6C3}"
EndProject
Project("{8BC9CEB8-8B4A-11D0-8D11-00A0C91BC942}") = "ll", "ll\ll.vcxproj", "{518EB430-C1D7-4427-B45A-2D6794C559A1}"
EndProject
Project("{8BC9CEB8-8B4A-11D0-8D11-00A0C91BC942}") = "UnitTests", "UnitTests\UnitTests.vcxproj", "{8713ED58-6632-4BEA-AF30-0FB369D45AE9}"
EndProject
Global
	GlobalSection(SolutionConfigurationPlatforms) = preSolution
		Debug|x64 = Debug|x64
		Debug|x86 = Debug|x86
		Release|x64 = Release|x64
		Release|x86 = Release|x86
	EndGlobalSection
	GlobalSection(ProjectConfigurationPlatforms) = postSolution
		{80E1FC63-834B-4536-A721-0841E9FCC6C3}.Debug|x64.ActiveCfg = Debug|x64
		{80E1FC63-834B-4536-A721-0841E9FCC6C3}.Debug|x64.Build.0 = Debug|x64
		{80E1FC63-834B-4536-A721-0841E9FCC6C3}.Debug|x86.ActiveCfg = Debug|Win32
		{80E1FC63-834B-4536-A721-0841E9FCC6C3}.Debug|x86.Build.0 = Debug|Win32
		{80E1FC63-834B-4536-A721-0841E9FCC6C3}.Release|x64.ActiveCfg = Release|x64
		{80E1FC63-834B-4536-A721-0841E9FCC6C3}.Release|x64.Build.0 = Release|x64
		{80E1FC63-834B-4536-A721-0841E9FCC6C3}.Release|x86.ActiveCfg = Release|Win32
		{80E1FC63-834B-4536-A721-0841E9FCC6C3}.Release|x86.Build.0 = Release|Win32
		{518EB430-C1D7-4427-B45A-2D6794C559A1}.Debug|x64.ActiveCfg = Debug|x64
		{518EB430-C1D7-4427-B45A-2D6794C559A1}.Debug|x64.Build.0 = Debug|x64
		{518EB430-C1D7-4427-B45A-2D6794C559A1}.Debug|x86.ActiveCfg = Debug|Win32
		{518EB430-C1D7-4427-B45A-2D6794C559A1}.Debug|x86.Build.0 = Debug|Win32
		{518EB430-C1D7-4427-B45A-2D6794C559A1}.Release|x64.ActiveCfg = Release|x64
		{518EB430-C1D7-4427-B45A-2D6794C559A1}.Release|x64.Build.0 = Release|x64
		{518EB430-C1D7-4427-B45A-2D6794C559A1}.Release|x86.ActiveCfg = Release|Win32
		{518EB430-C1D7-4427-B45A-2D6794C559A1}.Release|x86.Build.0 = Release|Win32
		{8713ED58-6632-4BEA-AF30-0FB369D45AE9}.Debug|x64.ActiveCfg = Debug|x64
		{8713ED58-6632-4BEA-AF30-0FB369D45AE9}.Debug|x64.Build.0 = Debug|x64
		{8713ED58-6632-4BEA-AF30-0FB369D45AE9}.Debug|x86.ActiveCfg = Debug|Win32
		{8713ED58-6632-4BEA-AF30-0FB369D45AE9}.Debug|x86.Build.0 = Debug|Win32
		{8713ED58-6632-4BEA-AF30-0FB369D45AE9}.Release|x64.ActiveCfg = Release|x64
		{8713ED58-6632-4BEA-AF30-0FB369D45AE9}.Release|x64.Build.0 = Release|x64
		{8713ED58-6632-4BEA-AF30-0FB369D45AE9}.Release|x86.ActiveCfg = Release|Win32
		{8713ED58-6632-4BEA-AF30-0FB369D45AE9}.Release|x86.Build.0 = Release|Win32
	EndGlobalSection
	GlobalSection(SolutionProperties) = preSolution
		HideSolutionNode = FALSE
	EndGlobalSection
	GlobalSection(ExtensibilityGlobals) = postSolution
		SolutionGuid = {B3DD636F-5418-45E3-A028-7DD6114985C7}
	EndGlobalSection
EndGlobal
